
Microsoft Visual Studio Solution File, Format Version 12.00
# Visual Studio Version 16
VisualStudioVersion = 16.0.30114.105
MinimumVisualStudioVersion = 10.0.40219.1
Project("{FAE04EC0-301F-11D3-BF4B-00C04F79EFBC}") = "DocumentBuilder", "DocumentBuilder\DocumentBuilder.csproj", "{C91EDF22-149D-4AA3-9C32-D403767AD7E3}"
EndProject
Project("{FAE04EC0-301F-11D3-BF4B-00C04F79EFBC}") = "dblib", "lib\dblib.csproj", "{0E2EB030-95AD-4FA6-965F-AAC1C5066D83}"
EndProject
Project("{FAE04EC0-301F-11D3-BF4B-00C04F79EFBC}") = "unit-tests", "test\unit-tests.csproj", "{0AFBF626-9B3D-434E-9047-38491930A015}"
EndProject
Global
	GlobalSection(SolutionConfigurationPlatforms) = preSolution
		Debug|Any CPU = Debug|Any CPU
		Release|Any CPU = Release|Any CPU
	EndGlobalSection
	GlobalSection(SolutionProperties) = preSolution
		HideSolutionNode = FALSE
	EndGlobalSection
	GlobalSection(ProjectConfigurationPlatforms) = postSolution
		{C91EDF22-149D-4AA3-9C32-D403767AD7E3}.Debug|Any CPU.ActiveCfg = Debug|Any CPU
		{C91EDF22-149D-4AA3-9C32-D403767AD7E3}.Debug|Any CPU.Build.0 = Debug|Any CPU
		{C91EDF22-149D-4AA3-9C32-D403767AD7E3}.Release|Any CPU.ActiveCfg = Release|Any CPU
		{C91EDF22-149D-4AA3-9C32-D403767AD7E3}.Release|Any CPU.Build.0 = Release|Any CPU
		{0E2EB030-95AD-4FA6-965F-AAC1C5066D83}.Debug|Any CPU.ActiveCfg = Debug|Any CPU
		{0E2EB030-95AD-4FA6-965F-AAC1C5066D83}.Debug|Any CPU.Build.0 = Debug|Any CPU
		{0E2EB030-95AD-4FA6-965F-AAC1C5066D83}.Release|Any CPU.ActiveCfg = Release|Any CPU
		{0E2EB030-95AD-4FA6-965F-AAC1C5066D83}.Release|Any CPU.Build.0 = Release|Any CPU
		{0AFBF626-9B3D-434E-9047-38491930A015}.Debug|Any CPU.ActiveCfg = Debug|Any CPU
		{0AFBF626-9B3D-434E-9047-38491930A015}.Debug|Any CPU.Build.0 = Debug|Any CPU
		{0AFBF626-9B3D-434E-9047-38491930A015}.Release|Any CPU.ActiveCfg = Release|Any CPU
		{0AFBF626-9B3D-434E-9047-38491930A015}.Release|Any CPU.Build.0 = Release|Any CPU
	EndGlobalSection
EndGlobal
